
Microsoft Visual Studio Solution File, Format Version 12.00
# Visual Studio Version 16
VisualStudioVersion = 16.0.30611.23
MinimumVisualStudioVersion = 10.0.40219.1
Project("{FAE04EC0-301F-11D3-BF4B-00C04F79EFBC}") = "Proiect IPLA - Bîrzu Gabriel", "Proiect IPLA - Bîrzu Gabriel\Proiect IPLA - Bîrzu Gabriel.csproj", "{F4737E64-FB3C-4AEB-B202-E75D11AE9106}"
EndProject
Project("{FAE04EC0-301F-11D3-BF4B-00C04F79EFBC}") = "ExcelCheltuieli", "ExcelCheltuieli\ExcelCheltuieli.csproj", "{A625B1E3-867A-420E-B262-C3434EF909F2}"
EndProject
Global
	GlobalSection(SolutionConfigurationPlatforms) = preSolution
		Debug|Any CPU = Debug|Any CPU
		Release|Any CPU = Release|Any CPU
	EndGlobalSection
	GlobalSection(ProjectConfigurationPlatforms) = postSolution
		{F4737E64-FB3C-4AEB-B202-E75D11AE9106}.Debug|Any CPU.ActiveCfg = Debug|Any CPU
		{F4737E64-FB3C-4AEB-B202-E75D11AE9106}.Debug|Any CPU.Build.0 = Debug|Any CPU
		{F4737E64-FB3C-4AEB-B202-E75D11AE9106}.Release|Any CPU.ActiveCfg = Release|Any CPU
		{F4737E64-FB3C-4AEB-B202-E75D11AE9106}.Release|Any CPU.Build.0 = Release|Any CPU
		{A625B1E3-867A-420E-B262-C3434EF909F2}.Debug|Any CPU.ActiveCfg = Debug|Any CPU
		{A625B1E3-867A-420E-B262-C3434EF909F2}.Debug|Any CPU.Build.0 = Debug|Any CPU
		{A625B1E3-867A-420E-B262-C3434EF909F2}.Release|Any CPU.ActiveCfg = Release|Any CPU
		{A625B1E3-867A-420E-B262-C3434EF909F2}.Release|Any CPU.Build.0 = Release|Any CPU
	EndGlobalSection
	GlobalSection(SolutionProperties) = preSolution
		HideSolutionNode = FALSE
	EndGlobalSection
	GlobalSection(ExtensibilityGlobals) = postSolution
		SolutionGuid = {E9E2614F-33CC-4FAD-91B3-590B13266A04}
	EndGlobalSection
EndGlobal
